// !$*UTF8*$!
{
	archiveVersion = 1;
	classes = {
	};
	objectVersion = 56;
	objects = {

/* Begin PBXBuildFile section */
		313DFE3528EDDBE500EF50CB /* AppDelegate.swift in Sources */ = {isa = PBXBuildFile; fileRef = 313DFE3428EDDBE500EF50CB /* AppDelegate.swift */; };
		313DFE3728EDDBE500EF50CB /* SceneDelegate.swift in Sources */ = {isa = PBXBuildFile; fileRef = 313DFE3628EDDBE500EF50CB /* SceneDelegate.swift */; };
		313DFE3928EDDBE500EF50CB /* ViewController.swift in Sources */ = {isa = PBXBuildFile; fileRef = 313DFE3828EDDBE500EF50CB /* ViewController.swift */; };
		313DFE3C28EDDBE500EF50CB /* Main.storyboard in Resources */ = {isa = PBXBuildFile; fileRef = 313DFE3A28EDDBE500EF50CB /* Main.storyboard */; };
		313DFE3E28EDDBE900EF50CB /* Assets.xcassets in Resources */ = {isa = PBXBuildFile; fileRef = 313DFE3D28EDDBE900EF50CB /* Assets.xcassets */; };
		313DFE4128EDDBE900EF50CB /* LaunchScreen.storyboard in Resources */ = {isa = PBXBuildFile; fileRef = 313DFE3F28EDDBE900EF50CB /* LaunchScreen.storyboard */; };
		313DFE4928EDDF2000EF50CB /* FirstViewController.swift in Sources */ = {isa = PBXBuildFile; fileRef = 313DFE4828EDDF2000EF50CB /* FirstViewController.swift */; };
		313DFE4B28EDFA3900EF50CB /* SecondViewController.swift in Sources */ = {isa = PBXBuildFile; fileRef = 313DFE4A28EDFA3900EF50CB /* SecondViewController.swift */; };
		313DFE4D28EDFC6E00EF50CB /* ThirdViewController.swift in Sources */ = {isa = PBXBuildFile; fileRef = 313DFE4C28EDFC6E00EF50CB /* ThirdViewController.swift */; };
/* End PBXBuildFile section */

/* Begin PBXFileReference section */
		313DFE3128EDDBE500EF50CB /* iOS_1st_Assignment.app */ = {isa = PBXFileReference; explicitFileType = wrapper.application; includeInIndex = 0; path = iOS_1st_Assignment.app; sourceTree = BUILT_PRODUCTS_DIR; };
		313DFE3428EDDBE500EF50CB /* AppDelegate.swift */ = {isa = PBXFileReference; lastKnownFileType = sourcecode.swift; path = AppDelegate.swift; sourceTree = "<group>"; };
		313DFE3628EDDBE500EF50CB /* SceneDelegate.swift */ = {isa = PBXFileReference; lastKnownFileType = sourcecode.swift; path = SceneDelegate.swift; sourceTree = "<group>"; };
		313DFE3828EDDBE500EF50CB /* ViewController.swift */ = {isa = PBXFileReference; lastKnownFileType = sourcecode.swift; path = ViewController.swift; sourceTree = "<group>"; };
		313DFE3B28EDDBE500EF50CB /* Base */ = {isa = PBXFileReference; lastKnownFileType = file.storyboard; name = Base; path = Base.lproj/Main.storyboard; sourceTree = "<group>"; };
		313DFE3D28EDDBE900EF50CB /* Assets.xcassets */ = {isa = PBXFileReference; lastKnownFileType = folder.assetcatalog; path = Assets.xcassets; sourceTree = "<group>"; };
		313DFE4028EDDBE900EF50CB /* Base */ = {isa = PBXFileReference; lastKnownFileType = file.storyboard; name = Base; path = Base.lproj/LaunchScreen.storyboard; sourceTree = "<group>"; };
		313DFE4228EDDBE900EF50CB /* Info.plist */ = {isa = PBXFileReference; lastKnownFileType = text.plist.xml; path = Info.plist; sourceTree = "<group>"; };
		313DFE4828EDDF2000EF50CB /* FirstViewController.swift */ = {isa = PBXFileReference; lastKnownFileType = sourcecode.swift; path = FirstViewController.swift; sourceTree = "<group>"; };
		313DFE4A28EDFA3900EF50CB /* SecondViewController.swift */ = {isa = PBXFileReference; lastKnownFileType = sourcecode.swift; path = SecondViewController.swift; sourceTree = "<group>"; };
		313DFE4C28EDFC6E00EF50CB /* ThirdViewController.swift */ = {isa = PBXFileReference; lastKnownFileType = sourcecode.swift; path = ThirdViewController.swift; sourceTree = "<group>"; };
/* End PBXFileReference section */

/* Begin PBXFrameworksBuildPhase section */
		313DFE2E28EDDBE400EF50CB /* Frameworks */ = {
			isa = PBXFrameworksBuildPhase;
			buildActionMask = 2147483647;
			files = (
			);
			runOnlyForDeploymentPostprocessing = 0;
		};
/* End PBXFrameworksBuildPhase section */

/* Begin PBXGroup section */
		313DFE2828EDDBE400EF50CB = {
			isa = PBXGroup;
			children = (
				313DFE3328EDDBE500EF50CB /* iOS_1st_Assignment */,
				313DFE3228EDDBE500EF50CB /* Products */,
			);
			sourceTree = "<group>";
		};
		313DFE3228EDDBE500EF50CB /* Products */ = {
			isa = PBXGroup;
			children = (
				313DFE3128EDDBE500EF50CB /* iOS_1st_Assignment.app */,
			);
			name = Products;
			sourceTree = "<group>";
		};
		313DFE3328EDDBE500EF50CB /* iOS_1st_Assignment */ = {
			isa = PBXGroup;
			children = (
				313DFE3428EDDBE500EF50CB /* AppDelegate.swift */,
				313DFE3628EDDBE500EF50CB /* SceneDelegate.swift */,
				313DFE3828EDDBE500EF50CB /* ViewController.swift */,
				313DFE4828EDDF2000EF50CB /* FirstViewController.swift */,
				313DFE4A28EDFA3900EF50CB /* SecondViewController.swift */,
				313DFE4C28EDFC6E00EF50CB /* ThirdViewController.swift */,
				313DFE3A28EDDBE500EF50CB /* Main.storyboard */,
				313DFE3D28EDDBE900EF50CB /* Assets.xcassets */,
				313DFE3F28EDDBE900EF50CB /* LaunchScreen.storyboard */,
				313DFE4228EDDBE900EF50CB /* Info.plist */,
			);
			path = iOS_1st_Assignment;
			sourceTree = "<group>";
		};
/* End PBXGroup section */

/* Begin PBXNativeTarget section */
		313DFE3028EDDBE400EF50CB /* iOS_1st_Assignment */ = {
			isa = PBXNativeTarget;
			buildConfigurationList = 313DFE4528EDDBE900EF50CB /* Build configuration list for PBXNativeTarget "iOS_1st_Assignment" */;
			buildPhases = (
				313DFE2D28EDDBE400EF50CB /* Sources */,
				313DFE2E28EDDBE400EF50CB /* Frameworks */,
				313DFE2F28EDDBE400EF50CB /* Resources */,
			);
			buildRules = (
			);
			dependencies = (
			);
			name = iOS_1st_Assignment;
			productName = iOS_1st_Assignment;
			productReference = 313DFE3128EDDBE500EF50CB /* iOS_1st_Assignment.app */;
			productType = "com.apple.product-type.application";
		};
/* End PBXNativeTarget section */

/* Begin PBXProject section */
		313DFE2928EDDBE400EF50CB /* Project object */ = {
			isa = PBXProject;
			attributes = {
				BuildIndependentTargetsInParallel = 1;
				LastSwiftUpdateCheck = 1400;
				LastUpgradeCheck = 1400;
				TargetAttributes = {
					313DFE3028EDDBE400EF50CB = {
						CreatedOnToolsVersion = 14.0.1;
					};
				};
			};
			buildConfigurationList = 313DFE2C28EDDBE400EF50CB /* Build configuration list for PBXProject "iOS_1st_Assignment" */;
			compatibilityVersion = "Xcode 14.0";
			developmentRegion = en;
			hasScannedForEncodings = 0;
			knownRegions = (
				en,
				Base,
			);
			mainGroup = 313DFE2828EDDBE400EF50CB;
			productRefGroup = 313DFE3228EDDBE500EF50CB /* Products */;
			projectDirPath = "";
			projectRoot = "";
			targets = (
				313DFE3028EDDBE400EF50CB /* iOS_1st_Assignment */,
			);
		};
/* End PBXProject section */

/* Begin PBXResourcesBuildPhase section */
		313DFE2F28EDDBE400EF50CB /* Resources */ = {
			isa = PBXResourcesBuildPhase;
			buildActionMask = 2147483647;
			files = (
				313DFE4128EDDBE900EF50CB /* LaunchScreen.storyboard in Resources */,
				313DFE3E28EDDBE900EF50CB /* Assets.xcassets in Resources */,
				313DFE3C28EDDBE500EF50CB /* Main.storyboard in Resources */,
			);
			runOnlyForDeploymentPostprocessing = 0;
		};
/* End PBXResourcesBuildPhase section */

/* Begin PBXSourcesBuildPhase section */
		313DFE2D28EDDBE400EF50CB /* Sources */ = {
			isa = PBXSourcesBuildPhase;
			buildActionMask = 2147483647;
			files = (
				313DFE3928EDDBE500EF50CB /* ViewController.swift in Sources */,
				313DFE3528EDDBE500EF50CB /* AppDelegate.swift in Sources */,
				313DFE3728EDDBE500EF50CB /* SceneDelegate.swift in Sources */,
				313DFE4B28EDFA3900EF50CB /* SecondViewController.swift in Sources */,
				313DFE4D28EDFC6E00EF50CB /* ThirdViewController.swift in Sources */,
				313DFE4928EDDF2000EF50CB /* FirstViewController.swift in Sources */,
			);
			runOnlyForDeploymentPostprocessing = 0;
		};
/* End PBXSourcesBuildPhase section */

/* Begin PBXVariantGroup section */
		313DFE3A28EDDBE500EF50CB /* Main.storyboard */ = {
			isa = PBXVariantGroup;
			children = (
				313DFE3B28EDDBE500EF50CB /* Base */,
			);
			name = Main.storyboard;
			sourceTree = "<group>";
		};
		313DFE3F28EDDBE900EF50CB /* LaunchScreen.storyboard */ = {
			isa = PBXVariantGroup;
			children = (
				313DFE4028EDDBE900EF50CB /* Base */,
			);
			name = LaunchScreen.storyboard;
			sourceTree = "<group>";
		};
/* End PBXVariantGroup section */

/* Begin XCBuildConfiguration section */
		313DFE4328EDDBE900EF50CB /* Debug */ = {
			isa = XCBuildConfiguration;
			buildSettings = {
				ALWAYS_SEARCH_USER_PATHS = NO;
				CLANG_ANALYZER_NONNULL = YES;
				CLANG_ANALYZER_NUMBER_OBJECT_CONVERSION = YES_AGGRESSIVE;
				CLANG_CXX_LANGUAGE_STANDARD = "gnu++20";
				CLANG_ENABLE_MODULES = YES;
				CLANG_ENABLE_OBJC_ARC = YES;
				CLANG_ENABLE_OBJC_WEAK = YES;
				CLANG_WARN_BLOCK_CAPTURE_AUTORELEASING = YES;
				CLANG_WARN_BOOL_CONVERSION = YES;
				CLANG_WARN_COMMA = YES;
				CLANG_WARN_CONSTANT_CONVERSION = YES;
				CLANG_WARN_DEPRECATED_OBJC_IMPLEMENTATIONS = YES;
				CLANG_WARN_DIRECT_OBJC_ISA_USAGE = YES_ERROR;
				CLANG_WARN_DOCUMENTATION_COMMENTS = YES;
				CLANG_WARN_EMPTY_BODY = YES;
				CLANG_WARN_ENUM_CONVERSION = YES;
				CLANG_WARN_INFINITE_RECURSION = YES;
				CLANG_WARN_INT_CONVERSION = YES;
				CLANG_WARN_NON_LITERAL_NULL_CONVERSION = YES;
				CLANG_WARN_OBJC_IMPLICIT_RETAIN_SELF = YES;
				CLANG_WARN_OBJC_LITERAL_CONVERSION = YES;
				CLANG_WARN_OBJC_ROOT_CLASS = YES_ERROR;
				CLANG_WARN_QUOTED_INCLUDE_IN_FRAMEWORK_HEADER = YES;
				CLANG_WARN_RANGE_LOOP_ANALYSIS = YES;
				CLANG_WARN_STRICT_PROTOTYPES = YES;
				CLANG_WARN_SUSPICIOUS_MOVE = YES;
				CLANG_WARN_UNGUARDED_AVAILABILITY = YES_AGGRESSIVE;
				CLANG_WARN_UNREACHABLE_CODE = YES;
				CLANG_WARN__DUPLICATE_METHOD_MATCH = YES;
				COPY_PHASE_STRIP = NO;
				DEBUG_INFORMATION_FORMAT = dwarf;
				ENABLE_STRICT_OBJC_MSGSEND = YES;
				ENABLE_TESTABILITY = YES;
				GCC_C_LANGUAGE_STANDARD = gnu11;
				GCC_DYNAMIC_NO_PIC = NO;
				GCC_NO_COMMON_BLOCKS = YES;
				GCC_OPTIMIZATION_LEVEL = 0;
				GCC_PREPROCESSOR_DEFINITIONS = (
					"DEBUG=1",
					"$(inherited)",
				);
				GCC_WARN_64_TO_32_BIT_CONVERSION = YES;
				GCC_WARN_ABOUT_RETURN_TYPE = YES_ERROR;
				GCC_WARN_UNDECLARED_SELECTOR = YES;
				GCC_WARN_UNINITIALIZED_AUTOS = YES_AGGRESSIVE;
				GCC_WARN_UNUSED_FUNCTION = YES;
				GCC_WARN_UNUSED_VARIABLE = YES;
				IPHONEOS_DEPLOYMENT_TARGET = 16.0;
				MTL_ENABLE_DEBUG_INFO = INCLUDE_SOURCE;
				MTL_FAST_MATH = YES;
				ONLY_ACTIVE_ARCH = YES;
				SDKROOT = iphoneos;
				SWIFT_ACTIVE_COMPILATION_CONDITIONS = DEBUG;
				SWIFT_OPTIMIZATION_LEVEL = "-Onone";
			};
			name = Debug;
		};
		313DFE4428EDDBE900EF50CB /* Release */ = {
			isa = XCBuildConfiguration;
			buildSettings = {
				ALWAYS_SEARCH_USER_PATHS = NO;
				CLANG_ANALYZER_NONNULL = YES;
				CLANG_ANALYZER_NUMBER_OBJECT_CONVERSION = YES_AGGRESSIVE;
				CLANG_CXX_LANGUAGE_STANDARD = "gnu++20";
				CLANG_ENABLE_MODULES = YES;
				CLANG_ENABLE_OBJC_ARC = YES;
				CLANG_ENABLE_OBJC_WEAK = YES;
				CLANG_WARN_BLOCK_CAPTURE_AUTORELEASING = YES;
				CLANG_WARN_BOOL_CONVERSION = YES;
				CLANG_WARN_COMMA = YES;
				CLANG_WARN_CONSTANT_CONVERSION = YES;
				CLANG_WARN_DEPRECATED_OBJC_IMPLEMENTATIONS = YES;
				CLANG_WARN_DIRECT_OBJC_ISA_USAGE = YES_ERROR;
				CLANG_WARN_DOCUMENTATION_COMMENTS = YES;
				CLANG_WARN_EMPTY_BODY = YES;
				CLANG_WARN_ENUM_CONVERSION = YES;
				CLANG_WARN_INFINITE_RECURSION = YES;
				CLANG_WARN_INT_CONVERSION = YES;
				CLANG_WARN_NON_LITERAL_NULL_CONVERSION = YES;
				CLANG_WARN_OBJC_IMPLICIT_RETAIN_SELF = YES;
				CLANG_WARN_OBJC_LITERAL_CONVERSION = YES;
				CLANG_WARN_OBJC_ROOT_CLASS = YES_ERROR;
				CLANG_WARN_QUOTED_INCLUDE_IN_FRAMEWORK_HEADER = YES;
				CLANG_WARN_RANGE_LOOP_ANALYSIS = YES;
				CLANG_WARN_STRICT_PROTOTYPES = YES;
				CLANG_WARN_SUSPICIOUS_MOVE = YES;
				CLANG_WARN_UNGUARDED_AVAILABILITY = YES_AGGRESSIVE;
				CLANG_WARN_UNREACHABLE_CODE = YES;
				CLANG_WARN__DUPLICATE_METHOD_MATCH = YES;
				COPY_PHASE_STRIP = NO;
				DEBUG_INFORMATION_FORMAT = "dwarf-with-dsym";
				ENABLE_NS_ASSERTIONS = NO;
				ENABLE_STRICT_OBJC_MSGSEND = YES;
				GCC_C_LANGUAGE_STANDARD = gnu11;
				GCC_NO_COMMON_BLOCKS = YES;
				GCC_WARN_64_TO_32_BIT_CONVERSION = YES;
				GCC_WARN_ABOUT_RETURN_TYPE = YES_ERROR;
				GCC_WARN_UNDECLARED_SELECTOR = YES;
				GCC_WARN_UNINITIALIZED_AUTOS = YES_AGGRESSIVE;
				GCC_WARN_UNUSED_FUNCTION = YES;
				GCC_WARN_UNUSED_VARIABLE = YES;
				IPHONEOS_DEPLOYMENT_TARGET = 16.0;
				MTL_ENABLE_DEBUG_INFO = NO;
				MTL_FAST_MATH = YES;
				SDKROOT = iphoneos;
				SWIFT_COMPILATION_MODE = wholemodule;
				SWIFT_OPTIMIZATION_LEVEL = "-O";
				VALIDATE_PRODUCT = YES;
			};
			name = Release;
		};
		313DFE4628EDDBE900EF50CB /* Debug */ = {
			isa = XCBuildConfiguration;
			buildSettings = {
				ASSETCATALOG_COMPILER_APPICON_NAME = AppIcon;
				ASSETCATALOG_COMPILER_GLOBAL_ACCENT_COLOR_NAME = AccentColor;
				CODE_SIGN_STYLE = Automatic;
				CURRENT_PROJECT_VERSION = 1;
				GENERATE_INFOPLIST_FILE = YES;
				INFOPLIST_FILE = iOS_1st_Assignment/Info.plist;
				INFOPLIST_KEY_UIApplicationSupportsIndirectInputEvents = YES;
				INFOPLIST_KEY_UILaunchStoryboardName = LaunchScreen;
				INFOPLIST_KEY_UIMainStoryboardFile = Main;
				INFOPLIST_KEY_UIStatusBarStyle = "";
				INFOPLIST_KEY_UISupportedInterfaceOrientations_iPad = "UIInterfaceOrientationPortrait UIInterfaceOrientationPortraitUpsideDown UIInterfaceOrientationLandscapeLeft UIInterfaceOrientationLandscapeRight";
				INFOPLIST_KEY_UISupportedInterfaceOrientations_iPhone = "UIInterfaceOrientationPortrait UIInterfaceOrientationLandscapeLeft UIInterfaceOrientationLandscapeRight";
				LD_RUNPATH_SEARCH_PATHS = (
					"$(inherited)",
					"@executable_path/Frameworks",
				);
				MARKETING_VERSION = 1.0;
				PRODUCT_BUNDLE_IDENTIFIER = "kr.study.iOS-1st-Assignment";
				PRODUCT_NAME = "$(TARGET_NAME)";
				SWIFT_EMIT_LOC_STRINGS = YES;
				SWIFT_VERSION = 5.0;
				TARGETED_DEVICE_FAMILY = "1,2";
			};
			name = Debug;
		};
		313DFE4728EDDBE900EF50CB /* Release */ = {
			isa = XCBuildConfiguration;
			buildSettings = {
				ASSETCATALOG_COMPILER_APPICON_NAME = AppIcon;
				ASSETCATALOG_COMPILER_GLOBAL_ACCENT_COLOR_NAME = AccentColor;
				CODE_SIGN_STYLE = Automatic;
				CURRENT_PROJECT_VERSION = 1;
				GENERATE_INFOPLIST_FILE = YES;
				INFOPLIST_FILE = iOS_1st_Assignment/Info.plist;
				INFOPLIST_KEY_UIApplicationSupportsIndirectInputEvents = YES;
				INFOPLIST_KEY_UILaunchStoryboardName = LaunchScreen;
				INFOPLIST_KEY_UIMainStoryboardFile = Main;
				INFOPLIST_KEY_UIStatusBarStyle = "";
				INFOPLIST_KEY_UISupportedInterfaceOrientations_iPad = "UIInterfaceOrientationPortrait UIInterfaceOrientationPortraitUpsideDown UIInterfaceOrientationLandscapeLeft UIInterfaceOrientationLandscapeRight";
				INFOPLIST_KEY_UISupportedInterfaceOrientations_iPhone = "UIInterfaceOrientationPortrait UIInterfaceOrientationLandscapeLeft UIInterfaceOrientationLandscapeRight";
				LD_RUNPATH_SEARCH_PATHS = (
					"$(inherited)",
					"@executable_path/Frameworks",
				);
				MARKETING_VERSION = 1.0;
				PRODUCT_BUNDLE_IDENTIFIER = "kr.study.iOS-1st-Assignment";
				PRODUCT_NAME = "$(TARGET_NAME)";
				SWIFT_EMIT_LOC_STRINGS = YES;
				SWIFT_VERSION = 5.0;
				TARGETED_DEVICE_FAMILY = "1,2";
			};
			name = Release;
		};
/* End XCBuildConfiguration section */

/* Begin XCConfigurationList section */
		313DFE2C28EDDBE400EF50CB /* Build configuration list for PBXProject "iOS_1st_Assignment" */ = {
			isa = XCConfigurationList;
			buildConfigurations = (
				313DFE4328EDDBE900EF50CB /* Debug */,
				313DFE4428EDDBE900EF50CB /* Release */,
			);
			defaultConfigurationIsVisible = 0;
			defaultConfigurationName = Release;
		};
		313DFE4528EDDBE900EF50CB /* Build configuration list for PBXNativeTarget "iOS_1st_Assignment" */ = {
			isa = XCConfigurationList;
			buildConfigurations = (
				313DFE4628EDDBE900EF50CB /* Debug */,
				313DFE4728EDDBE900EF50CB /* Release */,
			);
			defaultConfigurationIsVisible = 0;
			defaultConfigurationName = Release;
		};
/* End XCConfigurationList section */
	};
	rootObject = 313DFE2928EDDBE400EF50CB /* Project object */;
}
